
Microsoft Visual Studio Solution File, Format Version 12.00
# Visual Studio Version 17
VisualStudioVersion = 17.5.33530.505
MinimumVisualStudioVersion = 10.0.40219.1
Project("{FAE04EC0-301F-11D3-BF4B-00C04F79EFBC}") = "RestAPIWPFCohort11", "RestAPIWPFCohort11.csproj", "{AD2EA19B-A743-4158-80DA-02F56089597F}"
EndProject
Global
	GlobalSection(SolutionConfigurationPlatforms) = preSolution
		Debug|Any CPU = Debug|Any CPU
		Release|Any CPU = Release|Any CPU
	EndGlobalSection
	GlobalSection(ProjectConfigurationPlatforms) = postSolution
		{AD2EA19B-A743-4158-80DA-02F56089597F}.Debug|Any CPU.ActiveCfg = Debug|Any CPU
		{AD2EA19B-A743-4158-80DA-02F56089597F}.Debug|Any CPU.Build.0 = Debug|Any CPU
		{AD2EA19B-A743-4158-80DA-02F56089597F}.Release|Any CPU.ActiveCfg = Release|Any CPU
		{AD2EA19B-A743-4158-80DA-02F56089597F}.Release|Any CPU.Build.0 = Release|Any CPU
	EndGlobalSection
	GlobalSection(SolutionProperties) = preSolution
		HideSolutionNode = FALSE
	EndGlobalSection
	GlobalSection(ExtensibilityGlobals) = postSolution
		SolutionGuid = {C8D955AA-DAF5-4CF0-BC84-0BFA1EA59253}
	EndGlobalSection
EndGlobal
